{
  "name": "todomvc",
  "version": "0.0.1",
  "lockfileVersion": 3,
  "requires": true,
  "packages": {
    "": {
      "name": "todomvc",
      "version": "0.0.1",
      "dependencies": {
        "guiapi": "file:../.."
      }
    },
    "../..": {
      "version": "0.0.1",
      "license": "Apache-2.0"
    },
    "node_modules/guiapi": {
      "resolved": "../..",
      "link": true
    }
  }
}
