github.com/evanw/esbuild v0.17.19 h1:JdzNCvfFEoUCXKHhdP326Vn2mhCu8PybXeBDHaSRyWo=
github.com/evanw/esbuild v0.17.19/go.mod h1:iINY06rn799hi48UqEnaQvVfZWe6W9bET78LbvN8VWk=
github.com/julienschmidt/httprouter v1.3.0 h1:U0609e9tgbseu3rBINet9P48AI/D3oJs4dN7jwJOQ1U=
github.com/julienschmidt/httprouter v1.3.0/go.mod h1:JR6WtHb+2LUe8TCKY3cZOxFyyO8IZAc4RVcycCCAKdM=
github.com/mbertschler/blocks v1.0.1-0.20230507175603-88b8665a5719 h1:LVI2vXbNTZuwf39ZCa/j93qJIlH8bXS4qPIZxKODCwc=
github.com/mbertschler/blocks v1.0.1-0.20230507175603-88b8665a5719/go.mod h1:dyoue02/gXWgQcEGeU9Y+h2JvHc7HKNzNo5/W5BNTFA=
golang.org/x/sys v0.0.0-20220715151400-c0bba94af5f8/go.mod h1:oPkhp1MJrh7nUepCBck5+mAzfO9JrbApNNgaTdGDITg=
golang.org/x/sys v0.8.0 h1:EBmGv8NaZBZTWvrbjNoL6HVt+IVy3QDQpJs7VRIw3tU=
golang.org/x/sys v0.8.0/go.mod h1:oPkhp1MJrh7nUepCBck5+mAzfO9JrbApNNgaTdGDITg=
